
Microsoft Visual Studio Solution File, Format Version 12.00
# Visual Studio Version 17
VisualStudioVersion = 17.11.35303.130
MinimumVisualStudioVersion = 10.0.40219.1
Project("{FAE04EC0-301F-11D3-BF4B-00C04F79EFBC}") = "Mastermind_3", "Mastermind_3\Mastermind_3.csproj", "{13985FEB-8406-42C2-A160-635DEC03CE65}"
EndProject
Global
	GlobalSection(SolutionConfigurationPlatforms) = preSolution
		Debug|Any CPU = Debug|Any CPU
		Release|Any CPU = Release|Any CPU
	EndGlobalSection
	GlobalSection(ProjectConfigurationPlatforms) = postSolution
		{13985FEB-8406-42C2-A160-635DEC03CE65}.Debug|Any CPU.ActiveCfg = Debug|Any CPU
		{13985FEB-8406-42C2-A160-635DEC03CE65}.Debug|Any CPU.Build.0 = Debug|Any CPU
		{13985FEB-8406-42C2-A160-635DEC03CE65}.Release|Any CPU.ActiveCfg = Release|Any CPU
		{13985FEB-8406-42C2-A160-635DEC03CE65}.Release|Any CPU.Build.0 = Release|Any CPU
	EndGlobalSection
	GlobalSection(SolutionProperties) = preSolution
		HideSolutionNode = FALSE
	EndGlobalSection
	GlobalSection(ExtensibilityGlobals) = postSolution
		SolutionGuid = {5E3C62C0-95F7-4EFE-A896-6A7B7A880B8C}
	EndGlobalSection
EndGlobal
